// !$*UTF8*$!
{
	archiveVersion = 1;
	classes = {
	};
	objectVersion = 48;
	objects = {

/* Begin PBXBuildFile section */
		50E9B103204BF34D003CB23C /* AppDelegate.swift in Sources */ = {isa = PBXBuildFile; fileRef = 50E9B102204BF34D003CB23C /* AppDelegate.swift */; };
		50E9B108204BF34D003CB23C /* Main.storyboard in Resources */ = {isa = PBXBuildFile; fileRef = 50E9B106204BF34D003CB23C /* Main.storyboard */; };
		50E9B10B204BF34D003CB23C /* BeeJeeTestGubarev.xcdatamodeld in Sources */ = {isa = PBXBuildFile; fileRef = 50E9B109204BF34D003CB23C /* BeeJeeTestGubarev.xcdatamodeld */; };
		50E9B10D204BF34D003CB23C /* Assets.xcassets in Resources */ = {isa = PBXBuildFile; fileRef = 50E9B10C204BF34D003CB23C /* Assets.xcassets */; };
		50E9B110204BF34E003CB23C /* LaunchScreen.storyboard in Resources */ = {isa = PBXBuildFile; fileRef = 50E9B10E204BF34E003CB23C /* LaunchScreen.storyboard */; };
		50E9B118204BF421003CB23C /* Model.swift in Sources */ = {isa = PBXBuildFile; fileRef = 50E9B117204BF421003CB23C /* Model.swift */; };
		50E9B11D204BF885003CB23C /* initialContacts.json in Resources */ = {isa = PBXBuildFile; fileRef = 50E9B11C204BF885003CB23C /* initialContacts.json */; };
		50E9B11F204BF8C5003CB23C /* MainListTableViewController.swift in Sources */ = {isa = PBXBuildFile; fileRef = 50E9B11E204BF8C5003CB23C /* MainListTableViewController.swift */; };
		50E9B121204BF959003CB23C /* MainListViewProtocol.swift in Sources */ = {isa = PBXBuildFile; fileRef = 50E9B120204BF959003CB23C /* MainListViewProtocol.swift */; };
		50E9B123204BF9AA003CB23C /* MainListPresenterProtocol.swift in Sources */ = {isa = PBXBuildFile; fileRef = 50E9B122204BF9AA003CB23C /* MainListPresenterProtocol.swift */; };
		50E9B125204BF9C0003CB23C /* MainListPresenter.swift in Sources */ = {isa = PBXBuildFile; fileRef = 50E9B124204BF9C0003CB23C /* MainListPresenter.swift */; };
		50E9B128204BFE05003CB23C /* MainListTableViewCell.swift in Sources */ = {isa = PBXBuildFile; fileRef = 50E9B127204BFE05003CB23C /* MainListTableViewCell.swift */; };
		50E9B12A204C0463003CB23C /* AssemblerMVP.swift in Sources */ = {isa = PBXBuildFile; fileRef = 50E9B129204C0463003CB23C /* AssemblerMVP.swift */; };
		50E9B12E204C0E7C003CB23C /* EditTableViewController.swift in Sources */ = {isa = PBXBuildFile; fileRef = 50E9B12D204C0E7C003CB23C /* EditTableViewController.swift */; };
		50E9B130204C133D003CB23C /* OneContactTableViewController.swift in Sources */ = {isa = PBXBuildFile; fileRef = 50E9B12F204C133D003CB23C /* OneContactTableViewController.swift */; };
		50E9B133204C1477003CB23C /* OneContactTableViewCell.swift in Sources */ = {isa = PBXBuildFile; fileRef = 50E9B132204C1477003CB23C /* OneContactTableViewCell.swift */; };
		50E9B135204C1621003CB23C /* OneContactPresenterProtocol.swift in Sources */ = {isa = PBXBuildFile; fileRef = 50E9B134204C1621003CB23C /* OneContactPresenterProtocol.swift */; };
		50E9B137204C163D003CB23C /* OneContactPresenter.swift in Sources */ = {isa = PBXBuildFile; fileRef = 50E9B136204C163D003CB23C /* OneContactPresenter.swift */; };
		50E9B139204C16A8003CB23C /* OneContactViewProtocol.swift in Sources */ = {isa = PBXBuildFile; fileRef = 50E9B138204C16A8003CB23C /* OneContactViewProtocol.swift */; };
		50E9B13B204C2083003CB23C /* ContactFields.swift in Sources */ = {isa = PBXBuildFile; fileRef = 50E9B13A204C2083003CB23C /* ContactFields.swift */; };
		50E9B13D204C305D003CB23C /* EditPresenterProtocol.swift in Sources */ = {isa = PBXBuildFile; fileRef = 50E9B13C204C305D003CB23C /* EditPresenterProtocol.swift */; };
		50E9B13F204C3092003CB23C /* EditPresenter.swift in Sources */ = {isa = PBXBuildFile; fileRef = 50E9B13E204C3092003CB23C /* EditPresenter.swift */; };
		50E9B142204C30F8003CB23C /* EditTableViewProtocol.swift in Sources */ = {isa = PBXBuildFile; fileRef = 50E9B141204C30F8003CB23C /* EditTableViewProtocol.swift */; };
		50E9B144204C3301003CB23C /* EditableContactFields.swift in Sources */ = {isa = PBXBuildFile; fileRef = 50E9B143204C3301003CB23C /* EditableContactFields.swift */; };
		50E9B146204C37B9003CB23C /* EditContactTableViewCell.swift in Sources */ = {isa = PBXBuildFile; fileRef = 50E9B145204C37B9003CB23C /* EditContactTableViewCell.swift */; };
/* End PBXBuildFile section */

/* Begin PBXFileReference section */
		50E9B0FF204BF34D003CB23C /* BeeJeeTestGubarev.app */ = {isa = PBXFileReference; explicitFileType = wrapper.application; includeInIndex = 0; path = BeeJeeTestGubarev.app; sourceTree = BUILT_PRODUCTS_DIR; };
		50E9B102204BF34D003CB23C /* AppDelegate.swift */ = {isa = PBXFileReference; lastKnownFileType = sourcecode.swift; path = AppDelegate.swift; sourceTree = "<group>"; };
		50E9B107204BF34D003CB23C /* Base */ = {isa = PBXFileReference; lastKnownFileType = file.storyboard; name = Base; path = Base.lproj/Main.storyboard; sourceTree = "<group>"; };
		50E9B10A204BF34D003CB23C /* BeeJeeTestGubarev.xcdatamodel */ = {isa = PBXFileReference; lastKnownFileType = wrapper.xcdatamodel; path = BeeJeeTestGubarev.xcdatamodel; sourceTree = "<group>"; };
		50E9B10C204BF34D003CB23C /* Assets.xcassets */ = {isa = PBXFileReference; lastKnownFileType = folder.assetcatalog; path = Assets.xcassets; sourceTree = "<group>"; };
		50E9B10F204BF34E003CB23C /* Base */ = {isa = PBXFileReference; lastKnownFileType = file.storyboard; name = Base; path = Base.lproj/LaunchScreen.storyboard; sourceTree = "<group>"; };
		50E9B111204BF34E003CB23C /* Info.plist */ = {isa = PBXFileReference; lastKnownFileType = text.plist.xml; path = Info.plist; sourceTree = "<group>"; };
		50E9B117204BF421003CB23C /* Model.swift */ = {isa = PBXFileReference; lastKnownFileType = sourcecode.swift; path = Model.swift; sourceTree = "<group>"; };
		50E9B11C204BF885003CB23C /* initialContacts.json */ = {isa = PBXFileReference; lastKnownFileType = text.json; path = initialContacts.json; sourceTree = "<group>"; };
		50E9B11E204BF8C5003CB23C /* MainListTableViewController.swift */ = {isa = PBXFileReference; lastKnownFileType = sourcecode.swift; path = MainListTableViewController.swift; sourceTree = "<group>"; };
		50E9B120204BF959003CB23C /* MainListViewProtocol.swift */ = {isa = PBXFileReference; lastKnownFileType = sourcecode.swift; path = MainListViewProtocol.swift; sourceTree = "<group>"; };
		50E9B122204BF9AA003CB23C /* MainListPresenterProtocol.swift */ = {isa = PBXFileReference; lastKnownFileType = sourcecode.swift; path = MainListPresenterProtocol.swift; sourceTree = "<group>"; };
		50E9B124204BF9C0003CB23C /* MainListPresenter.swift */ = {isa = PBXFileReference; lastKnownFileType = sourcecode.swift; path = MainListPresenter.swift; sourceTree = "<group>"; };
		50E9B127204BFE05003CB23C /* MainListTableViewCell.swift */ = {isa = PBXFileReference; lastKnownFileType = sourcecode.swift; path = MainListTableViewCell.swift; sourceTree = "<group>"; };
		50E9B129204C0463003CB23C /* AssemblerMVP.swift */ = {isa = PBXFileReference; lastKnownFileType = sourcecode.swift; path = AssemblerMVP.swift; sourceTree = "<group>"; };
		50E9B12D204C0E7C003CB23C /* EditTableViewController.swift */ = {isa = PBXFileReference; lastKnownFileType = sourcecode.swift; path = EditTableViewController.swift; sourceTree = "<group>"; };
		50E9B12F204C133D003CB23C /* OneContactTableViewController.swift */ = {isa = PBXFileReference; lastKnownFileType = sourcecode.swift; path = OneContactTableViewController.swift; sourceTree = "<group>"; };
		50E9B132204C1477003CB23C /* OneContactTableViewCell.swift */ = {isa = PBXFileReference; lastKnownFileType = sourcecode.swift; path = OneContactTableViewCell.swift; sourceTree = "<group>"; };
		50E9B134204C1621003CB23C /* OneContactPresenterProtocol.swift */ = {isa = PBXFileReference; lastKnownFileType = sourcecode.swift; path = OneContactPresenterProtocol.swift; sourceTree = "<group>"; };
		50E9B136204C163D003CB23C /* OneContactPresenter.swift */ = {isa = PBXFileReference; lastKnownFileType = sourcecode.swift; path = OneContactPresenter.swift; sourceTree = "<group>"; };
		50E9B138204C16A8003CB23C /* OneContactViewProtocol.swift */ = {isa = PBXFileReference; lastKnownFileType = sourcecode.swift; path = OneContactViewProtocol.swift; sourceTree = "<group>"; };
		50E9B13A204C2083003CB23C /* ContactFields.swift */ = {isa = PBXFileReference; lastKnownFileType = sourcecode.swift; path = ContactFields.swift; sourceTree = "<group>"; };
		50E9B13C204C305D003CB23C /* EditPresenterProtocol.swift */ = {isa = PBXFileReference; lastKnownFileType = sourcecode.swift; path = EditPresenterProtocol.swift; sourceTree = "<group>"; };
		50E9B13E204C3092003CB23C /* EditPresenter.swift */ = {isa = PBXFileReference; lastKnownFileType = sourcecode.swift; path = EditPresenter.swift; sourceTree = "<group>"; };
		50E9B141204C30F8003CB23C /* EditTableViewProtocol.swift */ = {isa = PBXFileReference; lastKnownFileType = sourcecode.swift; path = EditTableViewProtocol.swift; sourceTree = "<group>"; };
		50E9B143204C3301003CB23C /* EditableContactFields.swift */ = {isa = PBXFileReference; fileEncoding = 4; lastKnownFileType = sourcecode.swift; path = EditableContactFields.swift; sourceTree = "<group>"; };
		50E9B145204C37B9003CB23C /* EditContactTableViewCell.swift */ = {isa = PBXFileReference; fileEncoding = 4; lastKnownFileType = sourcecode.swift; path = EditContactTableViewCell.swift; sourceTree = "<group>"; };
/* End PBXFileReference section */

/* Begin PBXFrameworksBuildPhase section */
		50E9B0FC204BF34D003CB23C /* Frameworks */ = {
			isa = PBXFrameworksBuildPhase;
			buildActionMask = 2147483647;
			files = (
			);
			runOnlyForDeploymentPostprocessing = 0;
		};
/* End PBXFrameworksBuildPhase section */

/* Begin PBXGroup section */
		50E9B0F6204BF34D003CB23C = {
			isa = PBXGroup;
			children = (
				50E9B101204BF34D003CB23C /* BeeJeeTestGubarev */,
				50E9B100204BF34D003CB23C /* Products */,
			);
			sourceTree = "<group>";
		};
		50E9B100204BF34D003CB23C /* Products */ = {
			isa = PBXGroup;
			children = (
				50E9B0FF204BF34D003CB23C /* BeeJeeTestGubarev.app */,
			);
			name = Products;
			sourceTree = "<group>";
		};
		50E9B101204BF34D003CB23C /* BeeJeeTestGubarev */ = {
			isa = PBXGroup;
			children = (
				50E9B102204BF34D003CB23C /* AppDelegate.swift */,
				50E9B129204C0463003CB23C /* AssemblerMVP.swift */,
				50E9B147204C6327003CB23C /* Model */,
				50E9B140204C30A8003CB23C /* EditContact */,
				50E9B131204C1343003CB23C /* ViewOneContact */,
				50E9B126204BFA0C003CB23C /* MainList */,
				50E9B11B204BF5D0003CB23C /* Resources */,
				50E9B109204BF34D003CB23C /* BeeJeeTestGubarev.xcdatamodeld */,
				50E9B106204BF34D003CB23C /* Main.storyboard */,
				50E9B111204BF34E003CB23C /* Info.plist */,
			);
			path = BeeJeeTestGubarev;
			sourceTree = "<group>";
		};
		50E9B11B204BF5D0003CB23C /* Resources */ = {
			isa = PBXGroup;
			children = (
				50E9B10E204BF34E003CB23C /* LaunchScreen.storyboard */,
				50E9B11C204BF885003CB23C /* initialContacts.json */,
				50E9B10C204BF34D003CB23C /* Assets.xcassets */,
			);
			path = Resources;
			sourceTree = "<group>";
		};
		50E9B126204BFA0C003CB23C /* MainList */ = {
			isa = PBXGroup;
			children = (
				50E9B124204BF9C0003CB23C /* MainListPresenter.swift */,
				50E9B122204BF9AA003CB23C /* MainListPresenterProtocol.swift */,
				50E9B120204BF959003CB23C /* MainListViewProtocol.swift */,
				50E9B11E204BF8C5003CB23C /* MainListTableViewController.swift */,
				50E9B127204BFE05003CB23C /* MainListTableViewCell.swift */,
			);
			name = MainList;
			sourceTree = "<group>";
		};
		50E9B131204C1343003CB23C /* ViewOneContact */ = {
			isa = PBXGroup;
			children = (
				50E9B12F204C133D003CB23C /* OneContactTableViewController.swift */,
				50E9B138204C16A8003CB23C /* OneContactViewProtocol.swift */,
				50E9B132204C1477003CB23C /* OneContactTableViewCell.swift */,
				50E9B13A204C2083003CB23C /* ContactFields.swift */,
				50E9B134204C1621003CB23C /* OneContactPresenterProtocol.swift */,
				50E9B136204C163D003CB23C /* OneContactPresenter.swift */,
			);
			name = ViewOneContact;
			sourceTree = "<group>";
		};
		50E9B140204C30A8003CB23C /* EditContact */ = {
			isa = PBXGroup;
			children = (
				50E9B12D204C0E7C003CB23C /* EditTableViewController.swift */,
				50E9B13C204C305D003CB23C /* EditPresenterProtocol.swift */,
				50E9B13E204C3092003CB23C /* EditPresenter.swift */,
				50E9B145204C37B9003CB23C /* EditContactTableViewCell.swift */,
				50E9B143204C3301003CB23C /* EditableContactFields.swift */,
				50E9B141204C30F8003CB23C /* EditTableViewProtocol.swift */,
			);
			name = EditContact;
			sourceTree = "<group>";
		};
		50E9B147204C6327003CB23C /* Model */ = {
			isa = PBXGroup;
			children = (
				50E9B117204BF421003CB23C /* Model.swift */,
			);
			name = Model;
			sourceTree = "<group>";
		};
/* End PBXGroup section */

/* Begin PBXNativeTarget section */
		50E9B0FE204BF34D003CB23C /* BeeJeeTestGubarev */ = {
			isa = PBXNativeTarget;
			buildConfigurationList = 50E9B114204BF34E003CB23C /* Build configuration list for PBXNativeTarget "BeeJeeTestGubarev" */;
			buildPhases = (
				50E9B0FB204BF34D003CB23C /* Sources */,
				50E9B0FC204BF34D003CB23C /* Frameworks */,
				50E9B0FD204BF34D003CB23C /* Resources */,
			);
			buildRules = (
			);
			dependencies = (
			);
			name = BeeJeeTestGubarev;
			productName = BeeJeeTestGubarev;
			productReference = 50E9B0FF204BF34D003CB23C /* BeeJeeTestGubarev.app */;
			productType = "com.apple.product-type.application";
		};
/* End PBXNativeTarget section */

/* Begin PBXProject section */
		50E9B0F7204BF34D003CB23C /* Project object */ = {
			isa = PBXProject;
			attributes = {
				LastSwiftUpdateCheck = 0920;
				LastUpgradeCheck = 0920;
				ORGANIZATIONNAME = "Pavel Gubarev";
				TargetAttributes = {
					50E9B0FE204BF34D003CB23C = {
						CreatedOnToolsVersion = 9.2;
						ProvisioningStyle = Automatic;
					};
				};
			};
			buildConfigurationList = 50E9B0FA204BF34D003CB23C /* Build configuration list for PBXProject "BeeJeeTestGubarev" */;
			compatibilityVersion = "Xcode 8.0";
			developmentRegion = en;
			hasScannedForEncodings = 0;
			knownRegions = (
				en,
				Base,
			);
			mainGroup = 50E9B0F6204BF34D003CB23C;
			productRefGroup = 50E9B100204BF34D003CB23C /* Products */;
			projectDirPath = "";
			projectRoot = "";
			targets = (
				50E9B0FE204BF34D003CB23C /* BeeJeeTestGubarev */,
			);
		};
/* End PBXProject section */

/* Begin PBXResourcesBuildPhase section */
		50E9B0FD204BF34D003CB23C /* Resources */ = {
			isa = PBXResourcesBuildPhase;
			buildActionMask = 2147483647;
			files = (
				50E9B110204BF34E003CB23C /* LaunchScreen.storyboard in Resources */,
				50E9B11D204BF885003CB23C /* initialContacts.json in Resources */,
				50E9B10D204BF34D003CB23C /* Assets.xcassets in Resources */,
				50E9B108204BF34D003CB23C /* Main.storyboard in Resources */,
			);
			runOnlyForDeploymentPostprocessing = 0;
		};
/* End PBXResourcesBuildPhase section */

/* Begin PBXSourcesBuildPhase section */
		50E9B0FB204BF34D003CB23C /* Sources */ = {
			isa = PBXSourcesBuildPhase;
			buildActionMask = 2147483647;
			files = (
				50E9B146204C37B9003CB23C /* EditContactTableViewCell.swift in Sources */,
				50E9B13F204C3092003CB23C /* EditPresenter.swift in Sources */,
				50E9B144204C3301003CB23C /* EditableContactFields.swift in Sources */,
				50E9B12E204C0E7C003CB23C /* EditTableViewController.swift in Sources */,
				50E9B139204C16A8003CB23C /* OneContactViewProtocol.swift in Sources */,
				50E9B12A204C0463003CB23C /* AssemblerMVP.swift in Sources */,
				50E9B11F204BF8C5003CB23C /* MainListTableViewController.swift in Sources */,
				50E9B125204BF9C0003CB23C /* MainListPresenter.swift in Sources */,
				50E9B13D204C305D003CB23C /* EditPresenterProtocol.swift in Sources */,
				50E9B10B204BF34D003CB23C /* BeeJeeTestGubarev.xcdatamodeld in Sources */,
				50E9B13B204C2083003CB23C /* ContactFields.swift in Sources */,
				50E9B128204BFE05003CB23C /* MainListTableViewCell.swift in Sources */,
				50E9B103204BF34D003CB23C /* AppDelegate.swift in Sources */,
				50E9B137204C163D003CB23C /* OneContactPresenter.swift in Sources */,
				50E9B130204C133D003CB23C /* OneContactTableViewController.swift in Sources */,
				50E9B123204BF9AA003CB23C /* MainListPresenterProtocol.swift in Sources */,
				50E9B118204BF421003CB23C /* Model.swift in Sources */,
				50E9B142204C30F8003CB23C /* EditTableViewProtocol.swift in Sources */,
				50E9B135204C1621003CB23C /* OneContactPresenterProtocol.swift in Sources */,
				50E9B121204BF959003CB23C /* MainListViewProtocol.swift in Sources */,
				50E9B133204C1477003CB23C /* OneContactTableViewCell.swift in Sources */,
			);
			runOnlyForDeploymentPostprocessing = 0;
		};
/* End PBXSourcesBuildPhase section */

/* Begin PBXVariantGroup section */
		50E9B106204BF34D003CB23C /* Main.storyboard */ = {
			isa = PBXVariantGroup;
			children = (
				50E9B107204BF34D003CB23C /* Base */,
			);
			name = Main.storyboard;
			sourceTree = "<group>";
		};
		50E9B10E204BF34E003CB23C /* LaunchScreen.storyboard */ = {
			isa = PBXVariantGroup;
			children = (
				50E9B10F204BF34E003CB23C /* Base */,
			);
			name = LaunchScreen.storyboard;
			sourceTree = "<group>";
		};
/* End PBXVariantGroup section */

/* Begin XCBuildConfiguration section */
		50E9B112204BF34E003CB23C /* Debug */ = {
			isa = XCBuildConfiguration;
			buildSettings = {
				ALWAYS_SEARCH_USER_PATHS = NO;
				CLANG_ANALYZER_NONNULL = YES;
				CLANG_ANALYZER_NUMBER_OBJECT_CONVERSION = YES_AGGRESSIVE;
				CLANG_CXX_LANGUAGE_STANDARD = "gnu++14";
				CLANG_CXX_LIBRARY = "libc++";
				CLANG_ENABLE_MODULES = YES;
				CLANG_ENABLE_OBJC_ARC = YES;
				CLANG_WARN_BLOCK_CAPTURE_AUTORELEASING = YES;
				CLANG_WARN_BOOL_CONVERSION = YES;
				CLANG_WARN_COMMA = YES;
				CLANG_WARN_CONSTANT_CONVERSION = YES;
				CLANG_WARN_DIRECT_OBJC_ISA_USAGE = YES_ERROR;
				CLANG_WARN_DOCUMENTATION_COMMENTS = YES;
				CLANG_WARN_EMPTY_BODY = YES;
				CLANG_WARN_ENUM_CONVERSION = YES;
				CLANG_WARN_INFINITE_RECURSION = YES;
				CLANG_WARN_INT_CONVERSION = YES;
				CLANG_WARN_NON_LITERAL_NULL_CONVERSION = YES;
				CLANG_WARN_OBJC_LITERAL_CONVERSION = YES;
				CLANG_WARN_OBJC_ROOT_CLASS = YES_ERROR;
				CLANG_WARN_RANGE_LOOP_ANALYSIS = YES;
				CLANG_WARN_STRICT_PROTOTYPES = YES;
				CLANG_WARN_SUSPICIOUS_MOVE = YES;
				CLANG_WARN_UNGUARDED_AVAILABILITY = YES_AGGRESSIVE;
				CLANG_WARN_UNREACHABLE_CODE = YES;
				CLANG_WARN__DUPLICATE_METHOD_MATCH = YES;
				CODE_SIGN_IDENTITY = "iPhone Developer";
				COPY_PHASE_STRIP = NO;
				DEBUG_INFORMATION_FORMAT = dwarf;
				ENABLE_STRICT_OBJC_MSGSEND = YES;
				ENABLE_TESTABILITY = YES;
				GCC_C_LANGUAGE_STANDARD = gnu11;
				GCC_DYNAMIC_NO_PIC = NO;
				GCC_NO_COMMON_BLOCKS = YES;
				GCC_OPTIMIZATION_LEVEL = 0;
				GCC_PREPROCESSOR_DEFINITIONS = (
					"DEBUG=1",
					"$(inherited)",
				);
				GCC_WARN_64_TO_32_BIT_CONVERSION = YES;
				GCC_WARN_ABOUT_RETURN_TYPE = YES_ERROR;
				GCC_WARN_UNDECLARED_SELECTOR = YES;
				GCC_WARN_UNINITIALIZED_AUTOS = YES_AGGRESSIVE;
				GCC_WARN_UNUSED_FUNCTION = YES;
				GCC_WARN_UNUSED_VARIABLE = YES;
				IPHONEOS_DEPLOYMENT_TARGET = 11.2;
				MTL_ENABLE_DEBUG_INFO = YES;
				ONLY_ACTIVE_ARCH = YES;
				SDKROOT = iphoneos;
				SWIFT_ACTIVE_COMPILATION_CONDITIONS = DEBUG;
				SWIFT_OPTIMIZATION_LEVEL = "-Onone";
			};
			name = Debug;
		};
		50E9B113204BF34E003CB23C /* Release */ = {
			isa = XCBuildConfiguration;
			buildSettings = {
				ALWAYS_SEARCH_USER_PATHS = NO;
				CLANG_ANALYZER_NONNULL = YES;
				CLANG_ANALYZER_NUMBER_OBJECT_CONVERSION = YES_AGGRESSIVE;
				CLANG_CXX_LANGUAGE_STANDARD = "gnu++14";
				CLANG_CXX_LIBRARY = "libc++";
				CLANG_ENABLE_MODULES = YES;
				CLANG_ENABLE_OBJC_ARC = YES;
				CLANG_WARN_BLOCK_CAPTURE_AUTORELEASING = YES;
				CLANG_WARN_BOOL_CONVERSION = YES;
				CLANG_WARN_COMMA = YES;
				CLANG_WARN_CONSTANT_CONVERSION = YES;
				CLANG_WARN_DIRECT_OBJC_ISA_USAGE = YES_ERROR;
				CLANG_WARN_DOCUMENTATION_COMMENTS = YES;
				CLANG_WARN_EMPTY_BODY = YES;
				CLANG_WARN_ENUM_CONVERSION = YES;
				CLANG_WARN_INFINITE_RECURSION = YES;
				CLANG_WARN_INT_CONVERSION = YES;
				CLANG_WARN_NON_LITERAL_NULL_CONVERSION = YES;
				CLANG_WARN_OBJC_LITERAL_CONVERSION = YES;
				CLANG_WARN_OBJC_ROOT_CLASS = YES_ERROR;
				CLANG_WARN_RANGE_LOOP_ANALYSIS = YES;
				CLANG_WARN_STRICT_PROTOTYPES = YES;
				CLANG_WARN_SUSPICIOUS_MOVE = YES;
				CLANG_WARN_UNGUARDED_AVAILABILITY = YES_AGGRESSIVE;
				CLANG_WARN_UNREACHABLE_CODE = YES;
				CLANG_WARN__DUPLICATE_METHOD_MATCH = YES;
				CODE_SIGN_IDENTITY = "iPhone Developer";
				COPY_PHASE_STRIP = NO;
				DEBUG_INFORMATION_FORMAT = "dwarf-with-dsym";
				ENABLE_NS_ASSERTIONS = NO;
				ENABLE_STRICT_OBJC_MSGSEND = YES;
				GCC_C_LANGUAGE_STANDARD = gnu11;
				GCC_NO_COMMON_BLOCKS = YES;
				GCC_WARN_64_TO_32_BIT_CONVERSION = YES;
				GCC_WARN_ABOUT_RETURN_TYPE = YES_ERROR;
				GCC_WARN_UNDECLARED_SELECTOR = YES;
				GCC_WARN_UNINITIALIZED_AUTOS = YES_AGGRESSIVE;
				GCC_WARN_UNUSED_FUNCTION = YES;
				GCC_WARN_UNUSED_VARIABLE = YES;
				IPHONEOS_DEPLOYMENT_TARGET = 11.2;
				MTL_ENABLE_DEBUG_INFO = NO;
				SDKROOT = iphoneos;
				SWIFT_OPTIMIZATION_LEVEL = "-Owholemodule";
				VALIDATE_PRODUCT = YES;
			};
			name = Release;
		};
		50E9B115204BF34E003CB23C /* Debug */ = {
			isa = XCBuildConfiguration;
			buildSettings = {
				ASSETCATALOG_COMPILER_APPICON_NAME = AppIcon;
				CODE_SIGN_STYLE = Automatic;
				DEVELOPMENT_TEAM = 6L9C7TASC4;
				INFOPLIST_FILE = BeeJeeTestGubarev/Info.plist;
				LD_RUNPATH_SEARCH_PATHS = "$(inherited) @executable_path/Frameworks";
				PRODUCT_BUNDLE_IDENTIFIER = pavelgubarev.BeeJeeTestGubarev;
				PRODUCT_NAME = "$(TARGET_NAME)";
				SWIFT_VERSION = 4.0;
				TARGETED_DEVICE_FAMILY = "1,2";
			};
			name = Debug;
		};
		50E9B116204BF34E003CB23C /* Release */ = {
			isa = XCBuildConfiguration;
			buildSettings = {
				ASSETCATALOG_COMPILER_APPICON_NAME = AppIcon;
				CODE_SIGN_STYLE = Automatic;
				DEVELOPMENT_TEAM = 6L9C7TASC4;
				INFOPLIST_FILE = BeeJeeTestGubarev/Info.plist;
				LD_RUNPATH_SEARCH_PATHS = "$(inherited) @executable_path/Frameworks";
				PRODUCT_BUNDLE_IDENTIFIER = pavelgubarev.BeeJeeTestGubarev;
				PRODUCT_NAME = "$(TARGET_NAME)";
				SWIFT_VERSION = 4.0;
				TARGETED_DEVICE_FAMILY = "1,2";
			};
			name = Release;
		};
/* End XCBuildConfiguration section */

/* Begin XCConfigurationList section */
		50E9B0FA204BF34D003CB23C /* Build configuration list for PBXProject "BeeJeeTestGubarev" */ = {
			isa = XCConfigurationList;
			buildConfigurations = (
				50E9B112204BF34E003CB23C /* Debug */,
				50E9B113204BF34E003CB23C /* Release */,
			);
			defaultConfigurationIsVisible = 0;
			defaultConfigurationName = Release;
		};
		50E9B114204BF34E003CB23C /* Build configuration list for PBXNativeTarget "BeeJeeTestGubarev" */ = {
			isa = XCConfigurationList;
			buildConfigurations = (
				50E9B115204BF34E003CB23C /* Debug */,
				50E9B116204BF34E003CB23C /* Release */,
			);
			defaultConfigurationIsVisible = 0;
			defaultConfigurationName = Release;
		};
/* End XCConfigurationList section */

/* Begin XCVersionGroup section */
		50E9B109204BF34D003CB23C /* BeeJeeTestGubarev.xcdatamodeld */ = {
			isa = XCVersionGroup;
			children = (
				50E9B10A204BF34D003CB23C /* BeeJeeTestGubarev.xcdatamodel */,
			);
			currentVersion = 50E9B10A204BF34D003CB23C /* BeeJeeTestGubarev.xcdatamodel */;
			path = BeeJeeTestGubarev.xcdatamodeld;
			sourceTree = "<group>";
			versionGroupType = wrapper.xcdatamodel;
		};
/* End XCVersionGroup section */
	};
	rootObject = 50E9B0F7204BF34D003CB23C /* Project object */;
}
